// !$*UTF8*$!
{
	archiveVersion = 1;
	classes = {
	};
	objectVersion = 46;
	objects = {

/* Begin PBXAggregateTarget section */
		E718CCBC1B9A15C200DEE3CF /* Cygnus */ = {
			isa = PBXAggregateTarget;
			buildConfigurationList = E718CCBF1B9A15C200DEE3CF /* Build configuration list for PBXAggregateTarget "Cygnus" */;
			buildPhases = (
			);
			dependencies = (
				E7B95D1E1C04FD3D001F2A23 /* PBXTargetDependency */,
				E718CCC11B9A15CB00DEE3CF /* PBXTargetDependency */,
				E718CCC31B9A15CB00DEE3CF /* PBXTargetDependency */,
			);
			name = Cygnus;
			productName = Cygnus;
		};
/* End PBXAggregateTarget section */

/* Begin PBXBuildFile section */
		E7A1EB1F1B979E1B00427433 /* CXButtonNode.swift in Sources */ = {isa = PBXBuildFile; fileRef = E7A1EB1E1B979E1B00427433 /* CXButtonNode.swift */; };
		E7A1EB201B979E1B00427433 /* CXButtonNode.swift in Sources */ = {isa = PBXBuildFile; fileRef = E7A1EB1E1B979E1B00427433 /* CXButtonNode.swift */; };
		E7A1EB221B979F7700427433 /* CrossPlatform.swift in Sources */ = {isa = PBXBuildFile; fileRef = E7A1EB211B979F7700427433 /* CrossPlatform.swift */; };
		E7A1EB231B979F7700427433 /* CrossPlatform.swift in Sources */ = {isa = PBXBuildFile; fileRef = E7A1EB211B979F7700427433 /* CrossPlatform.swift */; };
		E7A1EB251B97A24300427433 /* CXScrollNode.swift in Sources */ = {isa = PBXBuildFile; fileRef = E7A1EB241B97A24300427433 /* CXScrollNode.swift */; };
		E7A1EB261B97A24300427433 /* CXScrollNode.swift in Sources */ = {isa = PBXBuildFile; fileRef = E7A1EB241B97A24300427433 /* CXScrollNode.swift */; };
		E7A1EB271B97A28E00427433 /* CXGeometry.swift in Sources */ = {isa = PBXBuildFile; fileRef = E7A1EB1B1B979DDF00427433 /* CXGeometry.swift */; };
		E7A1EB281B97A28E00427433 /* CXGeometry.swift in Sources */ = {isa = PBXBuildFile; fileRef = E7A1EB1B1B979DDF00427433 /* CXGeometry.swift */; };
		E7A1EB291B97A51C00427433 /* CXScene.swift in Sources */ = {isa = PBXBuildFile; fileRef = E7A1EB1A1B979DDF00427433 /* CXScene.swift */; };
		E7A1EB2A1B97A51C00427433 /* CXScene.swift in Sources */ = {isa = PBXBuildFile; fileRef = E7A1EB1A1B979DDF00427433 /* CXScene.swift */; };
		E7A1EB461B97B1F400427433 /* CXAppDelegate.swift in Sources */ = {isa = PBXBuildFile; fileRef = E7A1EB451B97B1F400427433 /* CXAppDelegate.swift */; };
		E7A1EB4B1B97B4A900427433 /* Main.storyboard in Resources */ = {isa = PBXBuildFile; fileRef = E7A1EB4A1B97B4A900427433 /* Main.storyboard */; };
		E7A1EB4D1B97B4D600427433 /* CXViewController.swift in Sources */ = {isa = PBXBuildFile; fileRef = E7A1EB4C1B97B4D600427433 /* CXViewController.swift */; };
		E7A1EB661B97D0A400427433 /* CXAppDelegate.swift in Sources */ = {isa = PBXBuildFile; fileRef = E7A1EB651B97D0A400427433 /* CXAppDelegate.swift */; };
		E7A1EB681B97D25B00427433 /* Main.storyboard in Resources */ = {isa = PBXBuildFile; fileRef = E7A1EB671B97D25B00427433 /* Main.storyboard */; };
		E7A1EB6A1B97D29D00427433 /* CXViewController.swift in Sources */ = {isa = PBXBuildFile; fileRef = E7A1EB691B97D29D00427433 /* CXViewController.swift */; };
		E7C191F41BB06EB40024F789 /* CXGeometry.swift in Sources */ = {isa = PBXBuildFile; fileRef = E7A1EB1B1B979DDF00427433 /* CXGeometry.swift */; };
		E7C191F51BB06EB40024F789 /* CXScene.swift in Sources */ = {isa = PBXBuildFile; fileRef = E7A1EB1A1B979DDF00427433 /* CXScene.swift */; };
		E7C191F61BB06EB40024F789 /* CXButtonNode.swift in Sources */ = {isa = PBXBuildFile; fileRef = E7A1EB1E1B979E1B00427433 /* CXButtonNode.swift */; };
		E7C191F71BB06EB40024F789 /* CXScrollNode.swift in Sources */ = {isa = PBXBuildFile; fileRef = E7A1EB241B97A24300427433 /* CXScrollNode.swift */; };
		E7C191F81BB06EB80024F789 /* CrossPlatform.swift in Sources */ = {isa = PBXBuildFile; fileRef = E7A1EB211B979F7700427433 /* CrossPlatform.swift */; };
		E7C191FC1BB06FDA0024F789 /* CXViewController.swift in Sources */ = {isa = PBXBuildFile; fileRef = E7C191FB1BB06EDB0024F789 /* CXViewController.swift */; };
		E7C191FD1BB06FDD0024F789 /* CXAppDelegate.swift in Sources */ = {isa = PBXBuildFile; fileRef = E7C191FA1BB06EDB0024F789 /* CXAppDelegate.swift */; };
		E7C191FF1BB0713F0024F789 /* CXHighlightingNode.swift in Sources */ = {isa = PBXBuildFile; fileRef = E7C191FE1BB0713F0024F789 /* CXHighlightingNode.swift */; };
		E7C192001BB0713F0024F789 /* CXHighlightingNode.swift in Sources */ = {isa = PBXBuildFile; fileRef = E7C191FE1BB0713F0024F789 /* CXHighlightingNode.swift */; };
		E7C192011BB0713F0024F789 /* CXHighlightingNode.swift in Sources */ = {isa = PBXBuildFile; fileRef = E7C191FE1BB0713F0024F789 /* CXHighlightingNode.swift */; };
		E7C192031BB07BE90024F789 /* Main.storyboard in Resources */ = {isa = PBXBuildFile; fileRef = E7C192021BB07BE90024F789 /* Main.storyboard */; };
/* End PBXBuildFile section */

/* Begin PBXContainerItemProxy section */
		E718CCC01B9A15CB00DEE3CF /* PBXContainerItemProxy */ = {
			isa = PBXContainerItemProxy;
			containerPortal = E7A1EAF21B979C8400427433 /* Project object */;
			proxyType = 1;
			remoteGlobalIDString = E7A1EAFA1B979C8500427433;
			remoteInfo = "Cygnus-iOS";
		};
		E718CCC21B9A15CB00DEE3CF /* PBXContainerItemProxy */ = {
			isa = PBXContainerItemProxy;
			containerPortal = E7A1EAF21B979C8400427433 /* Project object */;
			proxyType = 1;
			remoteGlobalIDString = E7A1EB111B979CDB00427433;
			remoteInfo = "Cygnus-OSX";
		};
		E7B95D1D1C04FD3D001F2A23 /* PBXContainerItemProxy */ = {
			isa = PBXContainerItemProxy;
			containerPortal = E7A1EAF21B979C8400427433 /* Project object */;
			proxyType = 1;
			remoteGlobalIDString = E7C191E91BB06E120024F789;
			remoteInfo = "Cygnus-tvOS";
		};
/* End PBXContainerItemProxy section */

/* Begin PBXFileReference section */
		E7A1EAFB1B979C8500427433 /* Cygnus.framework */ = {isa = PBXFileReference; explicitFileType = wrapper.framework; includeInIndex = 0; path = Cygnus.framework; sourceTree = BUILT_PRODUCTS_DIR; };
		E7A1EB081B979CC300427433 /* Info.plist */ = {isa = PBXFileReference; fileEncoding = 4; lastKnownFileType = text.plist.xml; path = Info.plist; sourceTree = "<group>"; };
		E7A1EB0A1B979CC300427433 /* Info.plist */ = {isa = PBXFileReference; fileEncoding = 4; lastKnownFileType = text.plist.xml; path = Info.plist; sourceTree = "<group>"; };
		E7A1EB121B979CDB00427433 /* Cygnus.framework */ = {isa = PBXFileReference; explicitFileType = wrapper.framework; includeInIndex = 0; path = Cygnus.framework; sourceTree = BUILT_PRODUCTS_DIR; };
		E7A1EB1A1B979DDF00427433 /* CXScene.swift */ = {isa = PBXFileReference; fileEncoding = 4; lastKnownFileType = sourcecode.swift; path = CXScene.swift; sourceTree = "<group>"; };
		E7A1EB1B1B979DDF00427433 /* CXGeometry.swift */ = {isa = PBXFileReference; fileEncoding = 4; lastKnownFileType = sourcecode.swift; path = CXGeometry.swift; sourceTree = "<group>"; };
		E7A1EB1E1B979E1B00427433 /* CXButtonNode.swift */ = {isa = PBXFileReference; fileEncoding = 4; lastKnownFileType = sourcecode.swift; path = CXButtonNode.swift; sourceTree = "<group>"; };
		E7A1EB211B979F7700427433 /* CrossPlatform.swift */ = {isa = PBXFileReference; fileEncoding = 4; lastKnownFileType = sourcecode.swift; path = CrossPlatform.swift; sourceTree = "<group>"; };
		E7A1EB241B97A24300427433 /* CXScrollNode.swift */ = {isa = PBXFileReference; fileEncoding = 4; lastKnownFileType = sourcecode.swift; path = CXScrollNode.swift; sourceTree = "<group>"; };
		E7A1EB451B97B1F400427433 /* CXAppDelegate.swift */ = {isa = PBXFileReference; fileEncoding = 4; lastKnownFileType = sourcecode.swift; name = CXAppDelegate.swift; path = iOS/CXAppDelegate.swift; sourceTree = "<group>"; };
		E7A1EB4A1B97B4A900427433 /* Main.storyboard */ = {isa = PBXFileReference; fileEncoding = 4; lastKnownFileType = file.storyboard; name = Main.storyboard; path = iOS/Main.storyboard; sourceTree = "<group>"; };
		E7A1EB4C1B97B4D600427433 /* CXViewController.swift */ = {isa = PBXFileReference; fileEncoding = 4; lastKnownFileType = sourcecode.swift; name = CXViewController.swift; path = iOS/CXViewController.swift; sourceTree = "<group>"; };
		E7A1EB651B97D0A400427433 /* CXAppDelegate.swift */ = {isa = PBXFileReference; fileEncoding = 4; lastKnownFileType = sourcecode.swift; name = CXAppDelegate.swift; path = OSX/CXAppDelegate.swift; sourceTree = "<group>"; };
		E7A1EB671B97D25B00427433 /* Main.storyboard */ = {isa = PBXFileReference; fileEncoding = 4; lastKnownFileType = file.storyboard; name = Main.storyboard; path = OSX/Main.storyboard; sourceTree = "<group>"; };
		E7A1EB691B97D29D00427433 /* CXViewController.swift */ = {isa = PBXFileReference; fileEncoding = 4; lastKnownFileType = sourcecode.swift; path = CXViewController.swift; sourceTree = "<group>"; };
		E7C191EA1BB06E120024F789 /* Cygnus.framework */ = {isa = PBXFileReference; explicitFileType = wrapper.framework; includeInIndex = 0; path = Cygnus.framework; sourceTree = BUILT_PRODUCTS_DIR; };
		E7C191EE1BB06E120024F789 /* Info.plist */ = {isa = PBXFileReference; lastKnownFileType = text.plist.xml; path = Info.plist; sourceTree = "<group>"; };
		E7C191FA1BB06EDB0024F789 /* CXAppDelegate.swift */ = {isa = PBXFileReference; fileEncoding = 4; lastKnownFileType = sourcecode.swift; name = CXAppDelegate.swift; path = tvOS/CXAppDelegate.swift; sourceTree = "<group>"; };
		E7C191FB1BB06EDB0024F789 /* CXViewController.swift */ = {isa = PBXFileReference; fileEncoding = 4; lastKnownFileType = sourcecode.swift; name = CXViewController.swift; path = tvOS/CXViewController.swift; sourceTree = "<group>"; };
		E7C191FE1BB0713F0024F789 /* CXHighlightingNode.swift */ = {isa = PBXFileReference; fileEncoding = 4; lastKnownFileType = sourcecode.swift; path = CXHighlightingNode.swift; sourceTree = "<group>"; };
		E7C192021BB07BE90024F789 /* Main.storyboard */ = {isa = PBXFileReference; fileEncoding = 4; lastKnownFileType = file.storyboard; name = Main.storyboard; path = tvOS/Main.storyboard; sourceTree = "<group>"; };
/* End PBXFileReference section */

/* Begin PBXFrameworksBuildPhase section */
		E7A1EAF71B979C8500427433 /* Frameworks */ = {
			isa = PBXFrameworksBuildPhase;
			buildActionMask = 2147483647;
			files = (
			);
			runOnlyForDeploymentPostprocessing = 0;
		};
		E7A1EB0E1B979CDB00427433 /* Frameworks */ = {
			isa = PBXFrameworksBuildPhase;
			buildActionMask = 2147483647;
			files = (
			);
			runOnlyForDeploymentPostprocessing = 0;
		};
		E7C191E61BB06E120024F789 /* Frameworks */ = {
			isa = PBXFrameworksBuildPhase;
			buildActionMask = 2147483647;
			files = (
			);
			runOnlyForDeploymentPostprocessing = 0;
		};
/* End PBXFrameworksBuildPhase section */

/* Begin PBXGroup section */
		E7A1EAF11B979C8400427433 = {
			isa = PBXGroup;
			children = (
				E7A1EAFD1B979C8500427433 /* Cygnus */,
				E7A1EAFC1B979C8500427433 /* Products */,
			);
			sourceTree = "<group>";
		};
		E7A1EAFC1B979C8500427433 /* Products */ = {
			isa = PBXGroup;
			children = (
				E7A1EAFB1B979C8500427433 /* Cygnus.framework */,
				E7A1EB121B979CDB00427433 /* Cygnus.framework */,
				E7C191EA1BB06E120024F789 /* Cygnus.framework */,
			);
			name = Products;
			sourceTree = "<group>";
		};
		E7A1EAFD1B979C8500427433 /* Cygnus */ = {
			isa = PBXGroup;
			children = (
				E7A1EB211B979F7700427433 /* CrossPlatform.swift */,
				E7A1EB421B97B1C000427433 /* Setup */,
				E7A1EB401B97AFCF00427433 /* SpriteKit */,
				E7A1EB061B979CC300427433 /* Supporting Files */,
			);
			path = Cygnus;
			sourceTree = "<group>";
		};
		E7A1EB061B979CC300427433 /* Supporting Files */ = {
			isa = PBXGroup;
			children = (
				E7A1EB071B979CC300427433 /* iOS */,
				E7A1EB091B979CC300427433 /* OSX */,
				E7C191EB1BB06E120024F789 /* tvOS */,
			);
			name = "Supporting Files";
			sourceTree = "<group>";
		};
		E7A1EB071B979CC300427433 /* iOS */ = {
			isa = PBXGroup;
			children = (
				E7A1EB081B979CC300427433 /* Info.plist */,
			);
			path = iOS;
			sourceTree = "<group>";
		};
		E7A1EB091B979CC300427433 /* OSX */ = {
			isa = PBXGroup;
			children = (
				E7A1EB0A1B979CC300427433 /* Info.plist */,
			);
			path = OSX;
			sourceTree = "<group>";
		};
		E7A1EB401B97AFCF00427433 /* SpriteKit */ = {
			isa = PBXGroup;
			children = (
				E7A1EB1B1B979DDF00427433 /* CXGeometry.swift */,
				E7A1EB1A1B979DDF00427433 /* CXScene.swift */,
				E7A1EB1E1B979E1B00427433 /* CXButtonNode.swift */,
				E7C191FE1BB0713F0024F789 /* CXHighlightingNode.swift */,
				E7A1EB241B97A24300427433 /* CXScrollNode.swift */,
			);
			name = SpriteKit;
			sourceTree = "<group>";
		};
		E7A1EB421B97B1C000427433 /* Setup */ = {
			isa = PBXGroup;
			children = (
				E7A1EB431B97B1D300427433 /* iOS */,
				E7A1EB441B97B1D800427433 /* OSX */,
				E7C191F91BB06EBE0024F789 /* tvOS */,
			);
			name = Setup;
			sourceTree = "<group>";
		};
		E7A1EB431B97B1D300427433 /* iOS */ = {
			isa = PBXGroup;
			children = (
				E7A1EB451B97B1F400427433 /* CXAppDelegate.swift */,
				E7A1EB4C1B97B4D600427433 /* CXViewController.swift */,
				E7A1EB4A1B97B4A900427433 /* Main.storyboard */,
			);
			name = iOS;
			sourceTree = "<group>";
		};
		E7A1EB441B97B1D800427433 /* OSX */ = {
			isa = PBXGroup;
			children = (
				E7A1EB651B97D0A400427433 /* CXAppDelegate.swift */,
				E7A1EB691B97D29D00427433 /* CXViewController.swift */,
				E7A1EB671B97D25B00427433 /* Main.storyboard */,
			);
			name = OSX;
			sourceTree = "<group>";
		};
		E7C191EB1BB06E120024F789 /* tvOS */ = {
			isa = PBXGroup;
			children = (
				E7C191EE1BB06E120024F789 /* Info.plist */,
			);
			name = tvOS;
			path = Cygnus/tvOS;
			sourceTree = SOURCE_ROOT;
		};
		E7C191F91BB06EBE0024F789 /* tvOS */ = {
			isa = PBXGroup;
			children = (
				E7C191FA1BB06EDB0024F789 /* CXAppDelegate.swift */,
				E7C191FB1BB06EDB0024F789 /* CXViewController.swift */,
				E7C192021BB07BE90024F789 /* Main.storyboard */,
			);
			name = tvOS;
			sourceTree = "<group>";
		};
/* End PBXGroup section */

/* Begin PBXHeadersBuildPhase section */
		E7A1EAF81B979C8500427433 /* Headers */ = {
			isa = PBXHeadersBuildPhase;
			buildActionMask = 2147483647;
			files = (
			);
			runOnlyForDeploymentPostprocessing = 0;
		};
		E7A1EB0F1B979CDB00427433 /* Headers */ = {
			isa = PBXHeadersBuildPhase;
			buildActionMask = 2147483647;
			files = (
			);
			runOnlyForDeploymentPostprocessing = 0;
		};
		E7C191E71BB06E120024F789 /* Headers */ = {
			isa = PBXHeadersBuildPhase;
			buildActionMask = 2147483647;
			files = (
			);
			runOnlyForDeploymentPostprocessing = 0;
		};
/* End PBXHeadersBuildPhase section */

/* Begin PBXNativeTarget section */
		E7A1EAFA1B979C8500427433 /* Cygnus-iOS */ = {
			isa = PBXNativeTarget;
			buildConfigurationList = E7A1EB031B979C8500427433 /* Build configuration list for PBXNativeTarget "Cygnus-iOS" */;
			buildPhases = (
				E7A1EAF61B979C8500427433 /* Sources */,
				E7A1EAF71B979C8500427433 /* Frameworks */,
				E7A1EAF81B979C8500427433 /* Headers */,
				E7A1EAF91B979C8500427433 /* Resources */,
			);
			buildRules = (
			);
			dependencies = (
			);
			name = "Cygnus-iOS";
			productName = Cygnus;
			productReference = E7A1EAFB1B979C8500427433 /* Cygnus.framework */;
			productType = "com.apple.product-type.framework";
		};
		E7A1EB111B979CDB00427433 /* Cygnus-OSX */ = {
			isa = PBXNativeTarget;
			buildConfigurationList = E7A1EB171B979CDB00427433 /* Build configuration list for PBXNativeTarget "Cygnus-OSX" */;
			buildPhases = (
				E7A1EB0D1B979CDB00427433 /* Sources */,
				E7A1EB0E1B979CDB00427433 /* Frameworks */,
				E7A1EB0F1B979CDB00427433 /* Headers */,
				E7A1EB101B979CDB00427433 /* Resources */,
			);
			buildRules = (
			);
			dependencies = (
			);
			name = "Cygnus-OSX";
			productName = "Cygnus-OSX";
			productReference = E7A1EB121B979CDB00427433 /* Cygnus.framework */;
			productType = "com.apple.product-type.framework";
		};
		E7C191E91BB06E120024F789 /* Cygnus-tvOS */ = {
			isa = PBXNativeTarget;
			buildConfigurationList = E7C191F11BB06E120024F789 /* Build configuration list for PBXNativeTarget "Cygnus-tvOS" */;
			buildPhases = (
				E7C191E51BB06E120024F789 /* Sources */,
				E7C191E61BB06E120024F789 /* Frameworks */,
				E7C191E71BB06E120024F789 /* Headers */,
				E7C191E81BB06E120024F789 /* Resources */,
			);
			buildRules = (
			);
			dependencies = (
			);
			name = "Cygnus-tvOS";
			productName = "Cygnus-tvOS";
			productReference = E7C191EA1BB06E120024F789 /* Cygnus.framework */;
			productType = "com.apple.product-type.framework";
		};
/* End PBXNativeTarget section */

/* Begin PBXProject section */
		E7A1EAF21B979C8400427433 /* Project object */ = {
			isa = PBXProject;
			attributes = {
				LastSwiftUpdateCheck = 0710;
				LastUpgradeCheck = 0800;
				ORGANIZATIONNAME = "Robbie Markwick";
				TargetAttributes = {
					E718CCBC1B9A15C200DEE3CF = {
						CreatedOnToolsVersion = 7.0;
					};
					E7A1EAFA1B979C8500427433 = {
						CreatedOnToolsVersion = 7.0;
						DevelopmentTeam = UR2T3Z854C;
						DevelopmentTeamName = "Robbie Markwick";
					};
					E7A1EB111B979CDB00427433 = {
						CreatedOnToolsVersion = 7.0;
						DevelopmentTeam = UR2T3Z854C;
						DevelopmentTeamName = "Robbie Markwick";
						ProvisioningStyle = Automatic;
					};
					E7C191E91BB06E120024F789 = {
						CreatedOnToolsVersion = 7.1;
						DevelopmentTeam = UR2T3Z854C;
					};
				};
			};
			buildConfigurationList = E7A1EAF51B979C8400427433 /* Build configuration list for PBXProject "Cygnus" */;
			compatibilityVersion = "Xcode 3.2";
			developmentRegion = English;
			hasScannedForEncodings = 0;
			knownRegions = (
				en,
				Base,
			);
			mainGroup = E7A1EAF11B979C8400427433;
			productRefGroup = E7A1EAFC1B979C8500427433 /* Products */;
			projectDirPath = "";
			projectRoot = "";
			targets = (
				E7A1EAFA1B979C8500427433 /* Cygnus-iOS */,
				E7A1EB111B979CDB00427433 /* Cygnus-OSX */,
				E7C191E91BB06E120024F789 /* Cygnus-tvOS */,
				E718CCBC1B9A15C200DEE3CF /* Cygnus */,
			);
		};
/* End PBXProject section */

/* Begin PBXResourcesBuildPhase section */
		E7A1EAF91B979C8500427433 /* Resources */ = {
			isa = PBXResourcesBuildPhase;
			buildActionMask = 2147483647;
			files = (
				E7A1EB4B1B97B4A900427433 /* Main.storyboard in Resources */,
			);
			runOnlyForDeploymentPostprocessing = 0;
		};
		E7A1EB101B979CDB00427433 /* Resources */ = {
			isa = PBXResourcesBuildPhase;
			buildActionMask = 2147483647;
			files = (
				E7A1EB681B97D25B00427433 /* Main.storyboard in Resources */,
			);
			runOnlyForDeploymentPostprocessing = 0;
		};
		E7C191E81BB06E120024F789 /* Resources */ = {
			isa = PBXResourcesBuildPhase;
			buildActionMask = 2147483647;
			files = (
				E7C192031BB07BE90024F789 /* Main.storyboard in Resources */,
			);
			runOnlyForDeploymentPostprocessing = 0;
		};
/* End PBXResourcesBuildPhase section */

/* Begin PBXSourcesBuildPhase section */
		E7A1EAF61B979C8500427433 /* Sources */ = {
			isa = PBXSourcesBuildPhase;
			buildActionMask = 2147483647;
			files = (
				E7A1EB221B979F7700427433 /* CrossPlatform.swift in Sources */,
				E7A1EB4D1B97B4D600427433 /* CXViewController.swift in Sources */,
				E7A1EB251B97A24300427433 /* CXScrollNode.swift in Sources */,
				E7A1EB271B97A28E00427433 /* CXGeometry.swift in Sources */,
				E7A1EB291B97A51C00427433 /* CXScene.swift in Sources */,
				E7A1EB1F1B979E1B00427433 /* CXButtonNode.swift in Sources */,
				E7C191FF1BB0713F0024F789 /* CXHighlightingNode.swift in Sources */,
				E7A1EB461B97B1F400427433 /* CXAppDelegate.swift in Sources */,
			);
			runOnlyForDeploymentPostprocessing = 0;
		};
		E7A1EB0D1B979CDB00427433 /* Sources */ = {
			isa = PBXSourcesBuildPhase;
			buildActionMask = 2147483647;
			files = (
				E7A1EB201B979E1B00427433 /* CXButtonNode.swift in Sources */,
				E7A1EB6A1B97D29D00427433 /* CXViewController.swift in Sources */,
				E7A1EB261B97A24300427433 /* CXScrollNode.swift in Sources */,
				E7A1EB281B97A28E00427433 /* CXGeometry.swift in Sources */,
				E7A1EB2A1B97A51C00427433 /* CXScene.swift in Sources */,
				E7A1EB231B979F7700427433 /* CrossPlatform.swift in Sources */,
				E7C192001BB0713F0024F789 /* CXHighlightingNode.swift in Sources */,
				E7A1EB661B97D0A400427433 /* CXAppDelegate.swift in Sources */,
			);
			runOnlyForDeploymentPostprocessing = 0;
		};
		E7C191E51BB06E120024F789 /* Sources */ = {
			isa = PBXSourcesBuildPhase;
			buildActionMask = 2147483647;
			files = (
				E7C191F41BB06EB40024F789 /* CXGeometry.swift in Sources */,
				E7C191F81BB06EB80024F789 /* CrossPlatform.swift in Sources */,
				E7C191F71BB06EB40024F789 /* CXScrollNode.swift in Sources */,
				E7C191F61BB06EB40024F789 /* CXButtonNode.swift in Sources */,
				E7C191F51BB06EB40024F789 /* CXScene.swift in Sources */,
				E7C191FC1BB06FDA0024F789 /* CXViewController.swift in Sources */,
				E7C192011BB0713F0024F789 /* CXHighlightingNode.swift in Sources */,
				E7C191FD1BB06FDD0024F789 /* CXAppDelegate.swift in Sources */,
			);
			runOnlyForDeploymentPostprocessing = 0;
		};
/* End PBXSourcesBuildPhase section */

/* Begin PBXTargetDependency section */
		E718CCC11B9A15CB00DEE3CF /* PBXTargetDependency */ = {
			isa = PBXTargetDependency;
			target = E7A1EAFA1B979C8500427433 /* Cygnus-iOS */;
			targetProxy = E718CCC01B9A15CB00DEE3CF /* PBXContainerItemProxy */;
		};
		E718CCC31B9A15CB00DEE3CF /* PBXTargetDependency */ = {
			isa = PBXTargetDependency;
			target = E7A1EB111B979CDB00427433 /* Cygnus-OSX */;
			targetProxy = E718CCC21B9A15CB00DEE3CF /* PBXContainerItemProxy */;
		};
		E7B95D1E1C04FD3D001F2A23 /* PBXTargetDependency */ = {
			isa = PBXTargetDependency;
			target = E7C191E91BB06E120024F789 /* Cygnus-tvOS */;
			targetProxy = E7B95D1D1C04FD3D001F2A23 /* PBXContainerItemProxy */;
		};
/* End PBXTargetDependency section */

/* Begin XCBuildConfiguration section */
		E718CCBD1B9A15C200DEE3CF /* Debug */ = {
			isa = XCBuildConfiguration;
			buildSettings = {
				CLANG_ENABLE_MODULES = YES;
				LD_RUNPATH_SEARCH_PATHS = "$(inherited) @executable_path/Frameworks @loader_path/Frameworks";
				PRODUCT_NAME = "$(TARGET_NAME)";
				SWIFT_OPTIMIZATION_LEVEL = "-Onone";
			};
			name = Debug;
		};
		E718CCBE1B9A15C200DEE3CF /* Release */ = {
			isa = XCBuildConfiguration;
			buildSettings = {
				CLANG_ENABLE_MODULES = YES;
				LD_RUNPATH_SEARCH_PATHS = "$(inherited) @executable_path/Frameworks @loader_path/Frameworks";
				PRODUCT_NAME = "$(TARGET_NAME)";
			};
			name = Release;
		};
		E7A1EB011B979C8500427433 /* Debug */ = {
			isa = XCBuildConfiguration;
			buildSettings = {
				ALWAYS_SEARCH_USER_PATHS = NO;
				CLANG_CXX_LANGUAGE_STANDARD = "gnu++0x";
				CLANG_CXX_LIBRARY = "libc++";
				CLANG_ENABLE_MODULES = YES;
				CLANG_ENABLE_OBJC_ARC = YES;
				CLANG_WARN_BOOL_CONVERSION = YES;
				CLANG_WARN_CONSTANT_CONVERSION = YES;
				CLANG_WARN_DIRECT_OBJC_ISA_USAGE = YES_ERROR;
				CLANG_WARN_EMPTY_BODY = YES;
				CLANG_WARN_ENUM_CONVERSION = YES;
				CLANG_WARN_INT_CONVERSION = YES;
				CLANG_WARN_OBJC_ROOT_CLASS = YES_ERROR;
				CLANG_WARN_UNREACHABLE_CODE = YES;
				CLANG_WARN__DUPLICATE_METHOD_MATCH = YES;
				"CODE_SIGN_IDENTITY[sdk=iphoneos*]" = "iPhone Developer";
				COPY_PHASE_STRIP = NO;
				CURRENT_PROJECT_VERSION = 1;
				DEBUG_INFORMATION_FORMAT = dwarf;
				ENABLE_STRICT_OBJC_MSGSEND = YES;
				ENABLE_TESTABILITY = YES;
				GCC_C_LANGUAGE_STANDARD = gnu99;
				GCC_DYNAMIC_NO_PIC = NO;
				GCC_NO_COMMON_BLOCKS = YES;
				GCC_OPTIMIZATION_LEVEL = 0;
				GCC_PREPROCESSOR_DEFINITIONS = (
					"DEBUG=1",
					"$(inherited)",
				);
				GCC_WARN_64_TO_32_BIT_CONVERSION = YES;
				GCC_WARN_ABOUT_RETURN_TYPE = YES_ERROR;
				GCC_WARN_UNDECLARED_SELECTOR = YES;
				GCC_WARN_UNINITIALIZED_AUTOS = YES_AGGRESSIVE;
				GCC_WARN_UNUSED_FUNCTION = YES;
				GCC_WARN_UNUSED_VARIABLE = YES;
				IPHONEOS_DEPLOYMENT_TARGET = 9.0;
				MTL_ENABLE_DEBUG_INFO = YES;
				ONLY_ACTIVE_ARCH = YES;
				SDKROOT = iphoneos;
				SWIFT_OPTIMIZATION_LEVEL = "-Onone";
				TARGETED_DEVICE_FAMILY = "1,2";
				VERSIONING_SYSTEM = "apple-generic";
				VERSION_INFO_PREFIX = "";
			};
			name = Debug;
		};
		E7A1EB021B979C8500427433 /* Release */ = {
			isa = XCBuildConfiguration;
			buildSettings = {
				ALWAYS_SEARCH_USER_PATHS = NO;
				CLANG_CXX_LANGUAGE_STANDARD = "gnu++0x";
				CLANG_CXX_LIBRARY = "libc++";
				CLANG_ENABLE_MODULES = YES;
				CLANG_ENABLE_OBJC_ARC = YES;
				CLANG_WARN_BOOL_CONVERSION = YES;
				CLANG_WARN_CONSTANT_CONVERSION = YES;
				CLANG_WARN_DIRECT_OBJC_ISA_USAGE = YES_ERROR;
				CLANG_WARN_EMPTY_BODY = YES;
				CLANG_WARN_ENUM_CONVERSION = YES;
				CLANG_WARN_INT_CONVERSION = YES;
				CLANG_WARN_OBJC_ROOT_CLASS = YES_ERROR;
				CLANG_WARN_UNREACHABLE_CODE = YES;
				CLANG_WARN__DUPLICATE_METHOD_MATCH = YES;
				"CODE_SIGN_IDENTITY[sdk=iphoneos*]" = "iPhone Developer";
				COPY_PHASE_STRIP = NO;
				CURRENT_PROJECT_VERSION = 1;
				DEBUG_INFORMATION_FORMAT = "dwarf-with-dsym";
				ENABLE_NS_ASSERTIONS = NO;
				ENABLE_STRICT_OBJC_MSGSEND = YES;
				GCC_C_LANGUAGE_STANDARD = gnu99;
				GCC_NO_COMMON_BLOCKS = YES;
				GCC_WARN_64_TO_32_BIT_CONVERSION = YES;
				GCC_WARN_ABOUT_RETURN_TYPE = YES_ERROR;
				GCC_WARN_UNDECLARED_SELECTOR = YES;
				GCC_WARN_UNINITIALIZED_AUTOS = YES_AGGRESSIVE;
				GCC_WARN_UNUSED_FUNCTION = YES;
				GCC_WARN_UNUSED_VARIABLE = YES;
				IPHONEOS_DEPLOYMENT_TARGET = 9.0;
				MTL_ENABLE_DEBUG_INFO = NO;
				SDKROOT = iphoneos;
				TARGETED_DEVICE_FAMILY = "1,2";
				VALIDATE_PRODUCT = YES;
				VERSIONING_SYSTEM = "apple-generic";
				VERSION_INFO_PREFIX = "";
			};
			name = Release;
		};
		E7A1EB041B979C8500427433 /* Debug */ = {
			isa = XCBuildConfiguration;
			buildSettings = {
				CLANG_ENABLE_MODULES = YES;
				DEFINES_MODULE = YES;
				DYLIB_COMPATIBILITY_VERSION = 1;
				DYLIB_CURRENT_VERSION = 1;
				DYLIB_INSTALL_NAME_BASE = "@rpath";
				INFOPLIST_FILE = "$(SRCROOT)/Cygnus/iOS/Info.plist";
				INSTALL_PATH = "$(LOCAL_LIBRARY_DIR)/Frameworks";
				IPHONEOS_DEPLOYMENT_TARGET = 8.0;
				LD_RUNPATH_SEARCH_PATHS = "$(inherited) @executable_path/Frameworks @loader_path/Frameworks";
				PRODUCT_BUNDLE_IDENTIFIER = "com.markwick.Cygnus-iOS";
				PRODUCT_NAME = Cygnus;
				SKIP_INSTALL = YES;
				SWIFT_OPTIMIZATION_LEVEL = "-Onone";
			};
			name = Debug;
		};
		E7A1EB051B979C8500427433 /* Release */ = {
			isa = XCBuildConfiguration;
			buildSettings = {
				CLANG_ENABLE_MODULES = YES;
				DEFINES_MODULE = YES;
				DYLIB_COMPATIBILITY_VERSION = 1;
				DYLIB_CURRENT_VERSION = 1;
				DYLIB_INSTALL_NAME_BASE = "@rpath";
				INFOPLIST_FILE = "$(SRCROOT)/Cygnus/iOS/Info.plist";
				INSTALL_PATH = "$(LOCAL_LIBRARY_DIR)/Frameworks";
				IPHONEOS_DEPLOYMENT_TARGET = 8.0;
				LD_RUNPATH_SEARCH_PATHS = "$(inherited) @executable_path/Frameworks @loader_path/Frameworks";
				PRODUCT_BUNDLE_IDENTIFIER = "com.markwick.Cygnus-iOS";
				PRODUCT_NAME = Cygnus;
				SKIP_INSTALL = YES;
				SWIFT_OPTIMIZATION_LEVEL = "-Owholemodule";
			};
			name = Release;
		};
		E7A1EB181B979CDB00427433 /* Debug */ = {
			isa = XCBuildConfiguration;
			buildSettings = {
				CLANG_ENABLE_MODULES = YES;
				CODE_SIGN_IDENTITY = "Mac Developer";
				COMBINE_HIDPI_IMAGES = YES;
				DEFINES_MODULE = YES;
				DYLIB_COMPATIBILITY_VERSION = 1;
				DYLIB_CURRENT_VERSION = 1;
				DYLIB_INSTALL_NAME_BASE = "@rpath";
				FRAMEWORK_VERSION = A;
				INFOPLIST_FILE = Cygnus/OSX/Info.plist;
				INSTALL_PATH = "$(LOCAL_LIBRARY_DIR)/Frameworks";
				LD_RUNPATH_SEARCH_PATHS = "$(inherited) @executable_path/../Frameworks @loader_path/Frameworks";
				MACOSX_DEPLOYMENT_TARGET = 10.10;
				PRODUCT_BUNDLE_IDENTIFIER = "com.markwick.Cygnus-OSX";
				PRODUCT_NAME = Cygnus;
				SDKROOT = macosx;
				SKIP_INSTALL = YES;
				SWIFT_OPTIMIZATION_LEVEL = "-Onone";
			};
			name = Debug;
		};
		E7A1EB191B979CDB00427433 /* Release */ = {
			isa = XCBuildConfiguration;
			buildSettings = {
				CLANG_ENABLE_MODULES = YES;
				CODE_SIGN_IDENTITY = "Mac Developer";
				COMBINE_HIDPI_IMAGES = YES;
				DEFINES_MODULE = YES;
				DYLIB_COMPATIBILITY_VERSION = 1;
				DYLIB_CURRENT_VERSION = 1;
				DYLIB_INSTALL_NAME_BASE = "@rpath";
				FRAMEWORK_VERSION = A;
				INFOPLIST_FILE = Cygnus/OSX/Info.plist;
				INSTALL_PATH = "$(LOCAL_LIBRARY_DIR)/Frameworks";
				LD_RUNPATH_SEARCH_PATHS = "$(inherited) @executable_path/../Frameworks @loader_path/Frameworks";
				MACOSX_DEPLOYMENT_TARGET = 10.10;
				PRODUCT_BUNDLE_IDENTIFIER = "com.markwick.Cygnus-OSX";
				PRODUCT_NAME = Cygnus;
				SDKROOT = macosx;
				SKIP_INSTALL = YES;
				SWIFT_OPTIMIZATION_LEVEL = "-Owholemodule";
			};
			name = Release;
		};
		E7C191EF1BB06E120024F789 /* Debug */ = {
			isa = XCBuildConfiguration;
			buildSettings = {
				CODE_SIGN_IDENTITY = "iPhone Developer";
				DEFINES_MODULE = YES;
				DYLIB_COMPATIBILITY_VERSION = 1;
				DYLIB_CURRENT_VERSION = 1;
				DYLIB_INSTALL_NAME_BASE = "@rpath";
				INFOPLIST_FILE = Cygnus/tvOS/Info.plist;
				INSTALL_PATH = "$(LOCAL_LIBRARY_DIR)/Frameworks";
				LD_RUNPATH_SEARCH_PATHS = "$(inherited) @executable_path/Frameworks @loader_path/Frameworks";
				PRODUCT_BUNDLE_IDENTIFIER = "com.markwick.Cygnus-tvOS";
				PRODUCT_NAME = Cygnus;
				SDKROOT = appletvos;
				SKIP_INSTALL = YES;
				TARGETED_DEVICE_FAMILY = 3;
				TVOS_DEPLOYMENT_TARGET = 9.0;
			};
			name = Debug;
		};
		E7C191F01BB06E120024F789 /* Release */ = {
			isa = XCBuildConfiguration;
			buildSettings = {
				CODE_SIGN_IDENTITY = "iPhone Developer";
				DEFINES_MODULE = YES;
				DYLIB_COMPATIBILITY_VERSION = 1;
				DYLIB_CURRENT_VERSION = 1;
				DYLIB_INSTALL_NAME_BASE = "@rpath";
				INFOPLIST_FILE = Cygnus/tvOS/Info.plist;
				INSTALL_PATH = "$(LOCAL_LIBRARY_DIR)/Frameworks";
				LD_RUNPATH_SEARCH_PATHS = "$(inherited) @executable_path/Frameworks @loader_path/Frameworks";
				PRODUCT_BUNDLE_IDENTIFIER = "com.markwick.Cygnus-tvOS";
				PRODUCT_NAME = Cygnus;
				SDKROOT = appletvos;
				SKIP_INSTALL = YES;
				SWIFT_OPTIMIZATION_LEVEL = "-Owholemodule";
				TARGETED_DEVICE_FAMILY = 3;
				TVOS_DEPLOYMENT_TARGET = 9.0;
			};
			name = Release;
		};
/* End XCBuildConfiguration section */

/* Begin XCConfigurationList section */
		E718CCBF1B9A15C200DEE3CF /* Build configuration list for PBXAggregateTarget "Cygnus" */ = {
			isa = XCConfigurationList;
			buildConfigurations = (
				E718CCBD1B9A15C200DEE3CF /* Debug */,
				E718CCBE1B9A15C200DEE3CF /* Release */,
			);
			defaultConfigurationIsVisible = 0;
			defaultConfigurationName = Release;
		};
		E7A1EAF51B979C8400427433 /* Build configuration list for PBXProject "Cygnus" */ = {
			isa = XCConfigurationList;
			buildConfigurations = (
				E7A1EB011B979C8500427433 /* Debug */,
				E7A1EB021B979C8500427433 /* Release */,
			);
			defaultConfigurationIsVisible = 0;
			defaultConfigurationName = Release;
		};
		E7A1EB031B979C8500427433 /* Build configuration list for PBXNativeTarget "Cygnus-iOS" */ = {
			isa = XCConfigurationList;
			buildConfigurations = (
				E7A1EB041B979C8500427433 /* Debug */,
				E7A1EB051B979C8500427433 /* Release */,
			);
			defaultConfigurationIsVisible = 0;
			defaultConfigurationName = Release;
		};
		E7A1EB171B979CDB00427433 /* Build configuration list for PBXNativeTarget "Cygnus-OSX" */ = {
			isa = XCConfigurationList;
			buildConfigurations = (
				E7A1EB181B979CDB00427433 /* Debug */,
				E7A1EB191B979CDB00427433 /* Release */,
			);
			defaultConfigurationIsVisible = 0;
			defaultConfigurationName = Release;
		};
		E7C191F11BB06E120024F789 /* Build configuration list for PBXNativeTarget "Cygnus-tvOS" */ = {
			isa = XCConfigurationList;
			buildConfigurations = (
				E7C191EF1BB06E120024F789 /* Debug */,
				E7C191F01BB06E120024F789 /* Release */,
			);
			defaultConfigurationIsVisible = 0;
			defaultConfigurationName = Release;
		};
/* End XCConfigurationList section */
	};
	rootObject = E7A1EAF21B979C8400427433 /* Project object */;
}
